
Microsoft Visual Studio Solution File, Format Version 12.00
# Visual Studio Version 17
VisualStudioVersion = 17.6.33712.159
MinimumVisualStudioVersion = 10.0.40219.1
Project("{8BC9CEB8-8B4A-11D0-8D11-00A0C91BC942}") = "example", "example.vcxproj", "{D9943E75-6EC9-4C97-B0FB-2F3A81C9553A}"
EndProject
Global
	GlobalSection(SolutionConfigurationPlatforms) = preSolution
		Debug|x64 = Debug|x64
		Debug|x86 = Debug|x86
		Release|x64 = Release|x64
		Release|x86 = Release|x86
	EndGlobalSection
	GlobalSection(ProjectConfigurationPlatforms) = postSolution
		{D9943E75-6EC9-4C97-B0FB-2F3A81C9553A}.Debug|x64.ActiveCfg = Debug|x64
		{D9943E75-6EC9-4C97-B0FB-2F3A81C9553A}.Debug|x64.Build.0 = Debug|x64
		{D9943E75-6EC9-4C97-B0FB-2F3A81C9553A}.Debug|x86.ActiveCfg = Debug|Win32
		{D9943E75-6EC9-4C97-B0FB-2F3A81C9553A}.Debug|x86.Build.0 = Debug|Win32
		{D9943E75-6EC9-4C97-B0FB-2F3A81C9553A}.Release|x64.ActiveCfg = Release|x64
		{D9943E75-6EC9-4C97-B0FB-2F3A81C9553A}.Release|x64.Build.0 = Release|x64
		{D9943E75-6EC9-4C97-B0FB-2F3A81C9553A}.Release|x86.ActiveCfg = Release|Win32
		{D9943E75-6EC9-4C97-B0FB-2F3A81C9553A}.Release|x86.Build.0 = Release|Win32
	EndGlobalSection
	GlobalSection(SolutionProperties) = preSolution
		HideSolutionNode = FALSE
	EndGlobalSection
	GlobalSection(ExtensibilityGlobals) = postSolution
		SolutionGuid = {FE295105-80D4-4E0E-9A0B-6D112EF6A8E8}
	EndGlobalSection
EndGlobal
