
Microsoft Visual Studio Solution File, Format Version 12.00
# Visual Studio Version 17
VisualStudioVersion = 17.6.33712.159
MinimumVisualStudioVersion = 10.0.40219.1
Project("{8BC9CEB8-8B4A-11D0-8D11-00A0C91BC942}") = "libsir", "libsir.vcxproj", "{B6298410-E9E6-49E6-B743-0B55B7C1F95D}"
EndProject
Project("{8BC9CEB8-8B4A-11D0-8D11-00A0C91BC942}") = "testsuite", "tests\testsuite.vcxproj", "{2EECBA35-FBA7-499D-895C-71DD6A9A0776}"
EndProject
Project("{8BC9CEB8-8B4A-11D0-8D11-00A0C91BC942}") = "example", "example\example.vcxproj", "{D9943E75-6EC9-4C97-B0FB-2F3A81C9553A}"
EndProject
Global
	GlobalSection(SolutionConfigurationPlatforms) = preSolution
		Debug|ARM64 = Debug|ARM64
		Debug|x64 = Debug|x64
		Release|ARM64 = Release|ARM64
		Release|x64 = Release|x64
	EndGlobalSection
	GlobalSection(ProjectConfigurationPlatforms) = postSolution
		{B6298410-E9E6-49E6-B743-0B55B7C1F95D}.Debug|ARM64.ActiveCfg = Debug|ARM64
		{B6298410-E9E6-49E6-B743-0B55B7C1F95D}.Debug|ARM64.Build.0 = Debug|ARM64
		{B6298410-E9E6-49E6-B743-0B55B7C1F95D}.Debug|x64.ActiveCfg = Debug|x64
		{B6298410-E9E6-49E6-B743-0B55B7C1F95D}.Debug|x64.Build.0 = Debug|x64
		{B6298410-E9E6-49E6-B743-0B55B7C1F95D}.Release|ARM64.ActiveCfg = Release|ARM64
		{B6298410-E9E6-49E6-B743-0B55B7C1F95D}.Release|ARM64.Build.0 = Release|ARM64
		{B6298410-E9E6-49E6-B743-0B55B7C1F95D}.Release|x64.ActiveCfg = Release|x64
		{B6298410-E9E6-49E6-B743-0B55B7C1F95D}.Release|x64.Build.0 = Release|x64
		{2EECBA35-FBA7-499D-895C-71DD6A9A0776}.Debug|ARM64.ActiveCfg = Debug|ARM64
		{2EECBA35-FBA7-499D-895C-71DD6A9A0776}.Debug|ARM64.Build.0 = Debug|ARM64
		{2EECBA35-FBA7-499D-895C-71DD6A9A0776}.Debug|x64.ActiveCfg = Debug|x64
		{2EECBA35-FBA7-499D-895C-71DD6A9A0776}.Debug|x64.Build.0 = Debug|x64
		{2EECBA35-FBA7-499D-895C-71DD6A9A0776}.Release|ARM64.ActiveCfg = Release|ARM64
		{2EECBA35-FBA7-499D-895C-71DD6A9A0776}.Release|ARM64.Build.0 = Release|ARM64
		{2EECBA35-FBA7-499D-895C-71DD6A9A0776}.Release|x64.ActiveCfg = Release|x64
		{2EECBA35-FBA7-499D-895C-71DD6A9A0776}.Release|x64.Build.0 = Release|x64
		{D9943E75-6EC9-4C97-B0FB-2F3A81C9553A}.Debug|ARM64.ActiveCfg = Debug|ARM64
		{D9943E75-6EC9-4C97-B0FB-2F3A81C9553A}.Debug|ARM64.Build.0 = Debug|ARM64
		{D9943E75-6EC9-4C97-B0FB-2F3A81C9553A}.Debug|x64.ActiveCfg = Debug|x64
		{D9943E75-6EC9-4C97-B0FB-2F3A81C9553A}.Debug|x64.Build.0 = Debug|x64
		{D9943E75-6EC9-4C97-B0FB-2F3A81C9553A}.Release|ARM64.ActiveCfg = Release|ARM64
		{D9943E75-6EC9-4C97-B0FB-2F3A81C9553A}.Release|ARM64.Build.0 = Release|ARM64
		{D9943E75-6EC9-4C97-B0FB-2F3A81C9553A}.Release|x64.ActiveCfg = Release|x64
		{D9943E75-6EC9-4C97-B0FB-2F3A81C9553A}.Release|x64.Build.0 = Release|x64
	EndGlobalSection
	GlobalSection(SolutionProperties) = preSolution
		HideSolutionNode = FALSE
	EndGlobalSection
	GlobalSection(ExtensibilityGlobals) = postSolution
		SolutionGuid = {B6908815-1D47-416A-8BDF-08BF201C016F}
	EndGlobalSection
EndGlobal
