<?xml version="1.0" encoding="utf-8"?>
<Project ToolsVersion="4.0" xmlns="http://schemas.microsoft.com/developer/msbuild/2003">
  <ItemGroup>
    <ClCompile Include="..\sirtextstyle.c">
      <Filter>Source</Filter>
    </ClCompile>
    <ClCompile Include="..\sir.c">
      <Filter>Source</Filter>
    </ClCompile>
    <ClCompile Include="..\sirconsole.c">
      <Filter>Source</Filter>
    </ClCompile>
    <ClCompile Include="..\sirerrors.c">
      <Filter>Source</Filter>
    </ClCompile>
    <ClCompile Include="..\sirfilecache.c">
      <Filter>Source</Filter>
    </ClCompile>
    <ClCompile Include="..\sirhelpers.c">
      <Filter>Source</Filter>
    </ClCompile>
    <ClCompile Include="..\sirinternal.c">
      <Filter>Source</Filter>
    </ClCompile>
    <ClCompile Include="..\sirmutex.c">
      <Filter>Source</Filter>
    </ClCompile>
    <ClCompile Include="..\sirfilesystem.c">
      <Filter>Source</Filter>
    </ClCompile>
    <ClCompile Include="..\sirmaps.c">
      <Filter>Source</Filter>
    </ClCompile>
  </ItemGroup>
  <ItemGroup>
    <ClInclude Include="..\sirtypes.h">
      <Filter>Include</Filter>
    </ClInclude>
    <ClInclude Include="..\sirtextstyle.h">
      <Filter>Include</Filter>
    </ClInclude>
    <ClInclude Include="..\sirplatform.h">
      <Filter>Include</Filter>
    </ClInclude>
    <ClInclude Include="..\sirmutex.h">
      <Filter>Include</Filter>
    </ClInclude>
    <ClInclude Include="..\sirinternal.h">
      <Filter>Include</Filter>
    </ClInclude>
    <ClInclude Include="..\sirhelpers.h">
      <Filter>Include</Filter>
    </ClInclude>
    <ClInclude Include="..\sirfilecache.h">
      <Filter>Include</Filter>
    </ClInclude>
    <ClInclude Include="..\sirerrors.h">
      <Filter>Include</Filter>
    </ClInclude>
    <ClInclude Include="..\sirdefaults.h">
      <Filter>Include</Filter>
    </ClInclude>
    <ClInclude Include="..\sirconsole.h">
      <Filter>Include</Filter>
    </ClInclude>
    <ClInclude Include="..\sirconfig.h">
      <Filter>Include</Filter>
    </ClInclude>
    <ClInclude Include="..\sir.hh">
      <Filter>Include</Filter>
    </ClInclude>
    <ClInclude Include="..\sir.h">
      <Filter>Include</Filter>
    </ClInclude>
    <ClInclude Include="..\sirmaps.h">
      <Filter>Include</Filter>
    </ClInclude>
    <ClInclude Include="..\sirfilesystem.h">
      <Filter>Include</Filter>
    </ClInclude>
    <ClInclude Include="..\siransimacros.h">
      <Filter>Include</Filter>
    </ClInclude>
  </ItemGroup>
  <ItemGroup>
    <Image Include="..\docs\alert.png">
      <Filter>Documentation</Filter>
    </Image>
    <Image Include="..\docs\bc_s.png">
      <Filter>Documentation</Filter>
    </Image>
    <Image Include="..\docs\bc_sd.png">
      <Filter>Documentation</Filter>
    </Image>
    <Image Include="..\docs\bdwn.png">
      <Filter>Documentation</Filter>
    </Image>
    <Image Include="..\docs\closed.png">
      <Filter>Documentation</Filter>
    </Image>
    <Image Include="..\docs\critical.png">
      <Filter>Documentation</Filter>
    </Image>
    <Image Include="..\docs\debug.png">
      <Filter>Documentation</Filter>
    </Image>
    <Image Include="..\docs\doc.png">
      <Filter>Documentation</Filter>
    </Image>
    <Image Include="..\docs\doxygen.png">
      <Filter>Documentation</Filter>
    </Image>
    <Image Include="..\docs\emergency.png">
      <Filter>Documentation</Filter>
    </Image>
    <Image Include="..\docs\error.png">
      <Filter>Documentation</Filter>
    </Image>
    <Image Include="..\docs\folderclosed.png">
      <Filter>Documentation</Filter>
    </Image>
    <Image Include="..\docs\folderopen.png">
      <Filter>Documentation</Filter>
    </Image>
    <Image Include="..\docs\info.png">
      <Filter>Documentation</Filter>
    </Image>
    <Image Include="..\docs\nav_f.png">
      <Filter>Documentation</Filter>
    </Image>
    <Image Include="..\docs\nav_fd.png">
      <Filter>Documentation</Filter>
    </Image>
    <Image Include="..\docs\nav_g.png">
      <Filter>Documentation</Filter>
    </Image>
    <Image Include="..\docs\nav_h.png">
      <Filter>Documentation</Filter>
    </Image>
    <Image Include="..\docs\nav_hd.png">
      <Filter>Documentation</Filter>
    </Image>
    <Image Include="..\docs\notice.png">
      <Filter>Documentation</Filter>
    </Image>
    <Image Include="..\docs\open.png">
      <Filter>Documentation</Filter>
    </Image>
    <Image Include="..\docs\warning.png">
      <Filter>Documentation</Filter>
    </Image>
    <Image Include="..\docs\splitbar.png">
      <Filter>Documentation</Filter>
    </Image>
    <Image Include="..\docs\splitbard.png">
      <Filter>Documentation</Filter>
    </Image>
    <Image Include="..\docs\sync_off.png">
      <Filter>Documentation</Filter>
    </Image>
    <Image Include="..\docs\sync_on.png">
      <Filter>Documentation</Filter>
    </Image>
    <Image Include="..\docs\tab_a.png">
      <Filter>Documentation</Filter>
    </Image>
    <Image Include="..\docs\tab_ad.png">
      <Filter>Documentation</Filter>
    </Image>
    <Image Include="..\docs\tab_b.png">
      <Filter>Documentation</Filter>
    </Image>
    <Image Include="..\docs\tab_bd.png">
      <Filter>Documentation</Filter>
    </Image>
    <Image Include="..\docs\tab_h.png">
      <Filter>Documentation</Filter>
    </Image>
    <Image Include="..\docs\tab_hd.png">
      <Filter>Documentation</Filter>
    </Image>
    <Image Include="..\docs\tab_s.png">
      <Filter>Documentation</Filter>
    </Image>
    <Image Include="..\docs\tab_sd.png">
      <Filter>Documentation</Filter>
    </Image>
  </ItemGroup>
  <ItemGroup>
    <None Include="..\docs\resize.js">
      <Filter>Documentation</Filter>
    </None>
    <None Include="..\docs\annotated.html">
      <Filter>Documentation</Filter>
    </None>
    <None Include="..\docs\annotated_dup.js">
      <Filter>Documentation</Filter>
    </None>
    <None Include="..\docs\classes.html">
      <Filter>Documentation</Filter>
    </None>
    <None Include="..\docs\dir_2a0e42225bcdeb5b2736d446e720b95e.html">
      <Filter>Documentation</Filter>
    </None>
    <None Include="..\docs\dir_59425e443f801f1f2fd8bbe4959a3ccf.html">
      <Filter>Documentation</Filter>
    </None>
    <None Include="..\docs\dir_59425e443f801f1f2fd8bbe4959a3ccf.js">
      <Filter>Documentation</Filter>
    </None>
    <None Include="..\docs\dir_cfafba98a580ce4b62f8a6fa96d7cbb0.html">
      <Filter>Documentation</Filter>
    </None>
    <None Include="..\docs\dir_cfafba98a580ce4b62f8a6fa96d7cbb0.js">
      <Filter>Documentation</Filter>
    </None>
    <None Include="..\docs\doc.svg">
      <Filter>Documentation</Filter>
    </None>
    <None Include="..\docs\docd.svg">
      <Filter>Documentation</Filter>
    </None>
    <None Include="..\docs\doxygen.css">
      <Filter>Documentation</Filter>
    </None>
    <None Include="..\docs\doxygen.svg">
      <Filter>Documentation</Filter>
    </None>
    <None Include="..\docs\dynsections.js">
      <Filter>Documentation</Filter>
    </None>
    <None Include="..\docs\examples.html">
      <Filter>Documentation</Filter>
    </None>
    <None Include="..\docs\examples.js">
      <Filter>Documentation</Filter>
    </None>
    <None Include="..\docs\files.html">
      <Filter>Documentation</Filter>
    </None>
    <None Include="..\docs\files.js">
      <Filter>Documentation</Filter>
    </None>
    <None Include="..\docs\files_dup.js">
      <Filter>Documentation</Filter>
    </None>
    <None Include="..\docs\folderclosed.svg">
      <Filter>Documentation</Filter>
    </None>
    <None Include="..\docs\folderclosedd.svg">
      <Filter>Documentation</Filter>
    </None>
    <None Include="..\docs\folderopen.svg">
      <Filter>Documentation</Filter>
    </None>
    <None Include="..\docs\folderopend.svg">
      <Filter>Documentation</Filter>
    </None>
    <None Include="..\docs\functions.html">
      <Filter>Documentation</Filter>
    </None>
    <None Include="..\docs\functions_vars.html">
      <Filter>Documentation</Filter>
    </None>
    <None Include="..\docs\globals.html">
      <Filter>Documentation</Filter>
    </None>
    <None Include="..\docs\globals_defs.html">
      <Filter>Documentation</Filter>
    </None>
    <None Include="..\docs\globals_dup.js">
      <Filter>Documentation</Filter>
    </None>
    <None Include="..\docs\globals_enum.html">
      <Filter>Documentation</Filter>
    </None>
    <None Include="..\docs\globals_eval.html">
      <Filter>Documentation</Filter>
    </None>
    <None Include="..\docs\globals_func.html">
      <Filter>Documentation</Filter>
    </None>
    <None Include="..\docs\globals_p.html">
      <Filter>Documentation</Filter>
    </None>
    <None Include="..\docs\globals_s.html">
      <Filter>Documentation</Filter>
    </None>
    <None Include="..\docs\globals_type.html">
      <Filter>Documentation</Filter>
    </None>
    <None Include="..\docs\globals_vars.html">
      <Filter>Documentation</Filter>
    </None>
    <None Include="..\docs\index.html">
      <Filter>Documentation</Filter>
    </None>
    <None Include="..\docs\index.js">
      <Filter>Documentation</Filter>
    </None>
    <None Include="..\docs\jquery.js">
      <Filter>Documentation</Filter>
    </None>
    <None Include="..\docs\modules.html">
      <Filter>Documentation</Filter>
    </None>
    <None Include="..\docs\modules.js">
      <Filter>Documentation</Filter>
    </None>
    <None Include="..\docs\namespacemembers.html">
      <Filter>Documentation</Filter>
    </None>
    <None Include="..\docs\namespacemembers_func.html">
      <Filter>Documentation</Filter>
    </None>
    <None Include="..\docs\namespacemembers_type.html">
      <Filter>Documentation</Filter>
    </None>
    <None Include="..\docs\navtree.css">
      <Filter>Documentation</Filter>
    </None>
    <None Include="..\docs\navtree.js">
      <Filter>Documentation</Filter>
    </None>
    <None Include="..\docs\navtreedata.js">
      <Filter>Documentation</Filter>
    </None>
    <None Include="..\docs\navtreeindex0.js">
      <Filter>Documentation</Filter>
    </None>
    <None Include="..\docs\navtreeindex1.js">
      <Filter>Documentation</Filter>
    </None>
    <None Include="..\docs\navtreeindex2.js">
      <Filter>Documentation</Filter>
    </None>
    <None Include="..\docs\pages.html">
      <Filter>Documentation</Filter>
    </None>
    <None Include="..\docs\tabs.css">
      <Filter>Documentation</Filter>
    </None>
  </ItemGroup>
  <ItemGroup>
    <Filter Include="Source">
      <UniqueIdentifier>{defae9eb-05cf-4523-8232-37a3fbdea27d}</UniqueIdentifier>
    </Filter>
    <Filter Include="Include">
      <UniqueIdentifier>{f4e754b1-cf99-4039-a398-45ab68ee23c0}</UniqueIdentifier>
    </Filter>
    <Filter Include="Documentation">
      <UniqueIdentifier>{cc320764-66c0-4a3f-a9a6-4d9b370799c9}</UniqueIdentifier>
    </Filter>
  </ItemGroup>
</Project>