<?xml version="1.0" encoding="utf-8"?>
<Project ToolsVersion="4.0" xmlns="http://schemas.microsoft.com/developer/msbuild/2003">
  <ItemGroup>
    <Filter Include="Source">
      <UniqueIdentifier>{f6b35abb-50af-4737-b6fe-76ef725a2f83}</UniqueIdentifier>
    </Filter>
    <Filter Include="Include">
      <UniqueIdentifier>{97d66348-ea15-487a-be5a-14c8c1c89d58}</UniqueIdentifier>
    </Filter>
  </ItemGroup>
  <ItemGroup>
    <ClCompile Include="..\plugins\sample\sample_plugin.c">
      <Filter>Source</Filter>
    </ClCompile>
  </ItemGroup>
  <ItemGroup>
    <ClInclude Include="..\plugins\sample\sample_plugin.h">
      <Filter>Include</Filter>
    </ClInclude>
  </ItemGroup>
</Project>